
Microsoft Visual Studio Solution File, Format Version 12.00
# Visual Studio 15
VisualStudioVersion = 15.0.26730.12
MinimumVisualStudioVersion = 10.0.40219.1
Project("{FAE04EC0-301F-11D3-BF4B-00C04F79EFBC}") = "cSharpProject", "cSharpProject\cSharpProject.csproj", "{1C4EC0C2-2902-42C5-998D-73D0C1A64102}"
EndProject
Global
	GlobalSection(SolutionConfigurationPlatforms) = preSolution
		Debug|Any CPU = Debug|Any CPU
		Release|Any CPU = Release|Any CPU
	EndGlobalSection
	GlobalSection(ProjectConfigurationPlatforms) = postSolution
		{1C4EC0C2-2902-42C5-998D-73D0C1A64102}.Debug|Any CPU.ActiveCfg = Debug|Any CPU
		{1C4EC0C2-2902-42C5-998D-73D0C1A64102}.Debug|Any CPU.Build.0 = Debug|Any CPU
		{1C4EC0C2-2902-42C5-998D-73D0C1A64102}.Release|Any CPU.ActiveCfg = Release|Any CPU
		{1C4EC0C2-2902-42C5-998D-73D0C1A64102}.Release|Any CPU.Build.0 = Release|Any CPU
	EndGlobalSection
	GlobalSection(SolutionProperties) = preSolution
		HideSolutionNode = FALSE
	EndGlobalSection
	GlobalSection(ExtensibilityGlobals) = postSolution
		SolutionGuid = {B8C04B6E-CA1E-4377-8F84-CCC8418A7A93}
	EndGlobalSection
EndGlobal
